
Microsoft Visual Studio Solution File, Format Version 12.00
# Visual Studio 14
VisualStudioVersion = 14.0.25420.1
MinimumVisualStudioVersion = 10.0.40219.1
Project("{FAE04EC0-301F-11D3-BF4B-00C04F79EFBC}") = "pdfbucket-c-sharp", "PDFBucket\pdfbucket-c-sharp.csproj", "{0138FDA7-534E-4CDD-92D9-3355A6309047}"
EndProject
Project("{FAE04EC0-301F-11D3-BF4B-00C04F79EFBC}") = "MathClient", "..\MathDummy\MathClient\MathClient.csproj", "{9A2E8478-6D15-494A-AB4B-4F48C38D242A}"
EndProject
Global
	GlobalSection(SolutionConfigurationPlatforms) = preSolution
		Debug|Any CPU = Debug|Any CPU
		Release|Any CPU = Release|Any CPU
	EndGlobalSection
	GlobalSection(ProjectConfigurationPlatforms) = postSolution
		{0138FDA7-534E-4CDD-92D9-3355A6309047}.Debug|Any CPU.ActiveCfg = Debug|Any CPU
		{0138FDA7-534E-4CDD-92D9-3355A6309047}.Debug|Any CPU.Build.0 = Debug|Any CPU
		{0138FDA7-534E-4CDD-92D9-3355A6309047}.Release|Any CPU.ActiveCfg = Release|Any CPU
		{0138FDA7-534E-4CDD-92D9-3355A6309047}.Release|Any CPU.Build.0 = Release|Any CPU
		{9A2E8478-6D15-494A-AB4B-4F48C38D242A}.Debug|Any CPU.ActiveCfg = Debug|Any CPU
		{9A2E8478-6D15-494A-AB4B-4F48C38D242A}.Debug|Any CPU.Build.0 = Debug|Any CPU
		{9A2E8478-6D15-494A-AB4B-4F48C38D242A}.Release|Any CPU.ActiveCfg = Release|Any CPU
		{9A2E8478-6D15-494A-AB4B-4F48C38D242A}.Release|Any CPU.Build.0 = Release|Any CPU
	EndGlobalSection
	GlobalSection(SolutionProperties) = preSolution
		HideSolutionNode = FALSE
	EndGlobalSection
EndGlobal
